
Microsoft Visual Studio Solution File, Format Version 12.00
# Visual Studio Version 16
VisualStudioVersion = 16.0.30907.101
MinimumVisualStudioVersion = 10.0.40219.1
Project("{9A19103F-16F7-4668-BE54-9A1E7A4F7556}") = "02 HTML basics", "02 HTML basics\02 HTML basics.csproj", "{4D2755AD-87F9-4608-AE6D-15B255E0A5F0}"
EndProject
Project("{9A19103F-16F7-4668-BE54-9A1E7A4F7556}") = "03 CSS basics", "03 CSS basics\03 CSS basics.csproj", "{54A1371C-6EBA-469A-AD41-B7AA24BDCBF9}"
EndProject
Project("{9A19103F-16F7-4668-BE54-9A1E7A4F7556}") = "04 JavaScript Syntax", "04 JavaScript Syntax\04 JavaScript Syntax.csproj", "{134CE308-1366-490A-AE5C-13863B2B093A}"
EndProject
Project("{FAE04EC0-301F-11D3-BF4B-00C04F79EFBC}") = "05 JavaScript Functions", "05 JavaScript Functions\05 JavaScript Functions.csproj", "{1B9CEA31-A321-484A-9EF3-0F6A676364FA}"
EndProject
Global
	GlobalSection(SolutionConfigurationPlatforms) = preSolution
		Debug|Any CPU = Debug|Any CPU
		Release|Any CPU = Release|Any CPU
	EndGlobalSection
	GlobalSection(ProjectConfigurationPlatforms) = postSolution
		{4D2755AD-87F9-4608-AE6D-15B255E0A5F0}.Debug|Any CPU.ActiveCfg = Debug|Any CPU
		{4D2755AD-87F9-4608-AE6D-15B255E0A5F0}.Debug|Any CPU.Build.0 = Debug|Any CPU
		{4D2755AD-87F9-4608-AE6D-15B255E0A5F0}.Release|Any CPU.ActiveCfg = Release|Any CPU
		{4D2755AD-87F9-4608-AE6D-15B255E0A5F0}.Release|Any CPU.Build.0 = Release|Any CPU
		{54A1371C-6EBA-469A-AD41-B7AA24BDCBF9}.Debug|Any CPU.ActiveCfg = Debug|Any CPU
		{54A1371C-6EBA-469A-AD41-B7AA24BDCBF9}.Debug|Any CPU.Build.0 = Debug|Any CPU
		{54A1371C-6EBA-469A-AD41-B7AA24BDCBF9}.Release|Any CPU.ActiveCfg = Release|Any CPU
		{54A1371C-6EBA-469A-AD41-B7AA24BDCBF9}.Release|Any CPU.Build.0 = Release|Any CPU
		{134CE308-1366-490A-AE5C-13863B2B093A}.Debug|Any CPU.ActiveCfg = Debug|Any CPU
		{134CE308-1366-490A-AE5C-13863B2B093A}.Debug|Any CPU.Build.0 = Debug|Any CPU
		{134CE308-1366-490A-AE5C-13863B2B093A}.Release|Any CPU.ActiveCfg = Release|Any CPU
		{134CE308-1366-490A-AE5C-13863B2B093A}.Release|Any CPU.Build.0 = Release|Any CPU
		{1B9CEA31-A321-484A-9EF3-0F6A676364FA}.Debug|Any CPU.ActiveCfg = Debug|Any CPU
		{1B9CEA31-A321-484A-9EF3-0F6A676364FA}.Debug|Any CPU.Build.0 = Debug|Any CPU
		{1B9CEA31-A321-484A-9EF3-0F6A676364FA}.Release|Any CPU.ActiveCfg = Release|Any CPU
		{1B9CEA31-A321-484A-9EF3-0F6A676364FA}.Release|Any CPU.Build.0 = Release|Any CPU
	EndGlobalSection
	GlobalSection(SolutionProperties) = preSolution
		HideSolutionNode = FALSE
	EndGlobalSection
	GlobalSection(ExtensibilityGlobals) = postSolution
		SolutionGuid = {E79C33A9-FDE8-48F0-8035-CFE752EFF927}
	EndGlobalSection
EndGlobal
